
Microsoft Visual Studio Solution File, Format Version 12.00
# Visual Studio Version 16
VisualStudioVersion = 16.0.32228.343
MinimumVisualStudioVersion = 10.0.40219.1
Project("{888888A0-9F3D-457C-B088-3A5042F75D52}") = "Exercicio1", "Exercicio1.pyproj", "{F9624201-BD0A-48F4-A4F7-8C470FE902FD}"
EndProject
Global
	GlobalSection(SolutionConfigurationPlatforms) = preSolution
		Debug|Any CPU = Debug|Any CPU
		Release|Any CPU = Release|Any CPU
	EndGlobalSection
	GlobalSection(ProjectConfigurationPlatforms) = postSolution
		{F9624201-BD0A-48F4-A4F7-8C470FE902FD}.Debug|Any CPU.ActiveCfg = Debug|Any CPU
		{F9624201-BD0A-48F4-A4F7-8C470FE902FD}.Release|Any CPU.ActiveCfg = Release|Any CPU
	EndGlobalSection
	GlobalSection(SolutionProperties) = preSolution
		HideSolutionNode = FALSE
	EndGlobalSection
	GlobalSection(ExtensibilityGlobals) = postSolution
		SolutionGuid = {6B906689-7F2A-4900-983B-7309B2B40D3C}
	EndGlobalSection
EndGlobal
